
Microsoft Visual Studio Solution File, Format Version 12.00
# Visual Studio Version 16
VisualStudioVersion = 16.0.31105.61
MinimumVisualStudioVersion = 10.0.40219.1
Project("{FAE04EC0-301F-11D3-BF4B-00C04F79EFBC}") = "RedArborTest.Web", "RedArborTest.Web\RedArborTest.Web.csproj", "{6168FE16-D997-4339-928A-06A4E8CC103E}"
EndProject
Project("{FAE04EC0-301F-11D3-BF4B-00C04F79EFBC}") = "RedArborTest.Repository", "RedArborTest.Repository\RedArborTest.Repository.csproj", "{0A7A80C8-BB4D-41F2-9D52-78512A89635F}"
EndProject
Project("{FAE04EC0-301F-11D3-BF4B-00C04F79EFBC}") = "RedArborTest.Service", "RedArborTest.Service\RedArborTest.Service.csproj", "{CC0A9DED-DAFA-42A2-A42B-4C3757FE9C3B}"
EndProject
Project("{FAE04EC0-301F-11D3-BF4B-00C04F79EFBC}") = "RedArborTest.Common", "RedArborTest.Common\RedArborTest.Common.csproj", "{D9EBBEC5-DC3B-44CD-9A45-93C67FE42169}"
EndProject
Project("{00D1A9C2-B5F0-4AF3-8072-F6C62B433612}") = "RedArborTest.DB", "RedArborTest.DB\RedArborTest.DB.sqlproj", "{95992CDE-8C67-4DBA-9A3B-ED18B89F9CED}"
EndProject
Global
	GlobalSection(SolutionConfigurationPlatforms) = preSolution
		Debug|Any CPU = Debug|Any CPU
		Release|Any CPU = Release|Any CPU
	EndGlobalSection
	GlobalSection(ProjectConfigurationPlatforms) = postSolution
		{6168FE16-D997-4339-928A-06A4E8CC103E}.Debug|Any CPU.ActiveCfg = Debug|Any CPU
		{6168FE16-D997-4339-928A-06A4E8CC103E}.Debug|Any CPU.Build.0 = Debug|Any CPU
		{6168FE16-D997-4339-928A-06A4E8CC103E}.Release|Any CPU.ActiveCfg = Release|Any CPU
		{6168FE16-D997-4339-928A-06A4E8CC103E}.Release|Any CPU.Build.0 = Release|Any CPU
		{0A7A80C8-BB4D-41F2-9D52-78512A89635F}.Debug|Any CPU.ActiveCfg = Debug|Any CPU
		{0A7A80C8-BB4D-41F2-9D52-78512A89635F}.Debug|Any CPU.Build.0 = Debug|Any CPU
		{0A7A80C8-BB4D-41F2-9D52-78512A89635F}.Release|Any CPU.ActiveCfg = Release|Any CPU
		{0A7A80C8-BB4D-41F2-9D52-78512A89635F}.Release|Any CPU.Build.0 = Release|Any CPU
		{CC0A9DED-DAFA-42A2-A42B-4C3757FE9C3B}.Debug|Any CPU.ActiveCfg = Debug|Any CPU
		{CC0A9DED-DAFA-42A2-A42B-4C3757FE9C3B}.Debug|Any CPU.Build.0 = Debug|Any CPU
		{CC0A9DED-DAFA-42A2-A42B-4C3757FE9C3B}.Release|Any CPU.ActiveCfg = Release|Any CPU
		{CC0A9DED-DAFA-42A2-A42B-4C3757FE9C3B}.Release|Any CPU.Build.0 = Release|Any CPU
		{D9EBBEC5-DC3B-44CD-9A45-93C67FE42169}.Debug|Any CPU.ActiveCfg = Debug|Any CPU
		{D9EBBEC5-DC3B-44CD-9A45-93C67FE42169}.Debug|Any CPU.Build.0 = Debug|Any CPU
		{D9EBBEC5-DC3B-44CD-9A45-93C67FE42169}.Release|Any CPU.ActiveCfg = Release|Any CPU
		{D9EBBEC5-DC3B-44CD-9A45-93C67FE42169}.Release|Any CPU.Build.0 = Release|Any CPU
		{95992CDE-8C67-4DBA-9A3B-ED18B89F9CED}.Debug|Any CPU.ActiveCfg = Debug|Any CPU
		{95992CDE-8C67-4DBA-9A3B-ED18B89F9CED}.Debug|Any CPU.Build.0 = Debug|Any CPU
		{95992CDE-8C67-4DBA-9A3B-ED18B89F9CED}.Debug|Any CPU.Deploy.0 = Debug|Any CPU
		{95992CDE-8C67-4DBA-9A3B-ED18B89F9CED}.Release|Any CPU.ActiveCfg = Release|Any CPU
		{95992CDE-8C67-4DBA-9A3B-ED18B89F9CED}.Release|Any CPU.Build.0 = Release|Any CPU
		{95992CDE-8C67-4DBA-9A3B-ED18B89F9CED}.Release|Any CPU.Deploy.0 = Release|Any CPU
	EndGlobalSection
	GlobalSection(SolutionProperties) = preSolution
		HideSolutionNode = FALSE
	EndGlobalSection
	GlobalSection(ExtensibilityGlobals) = postSolution
		SolutionGuid = {88A11B88-126A-4F01-8A65-5FFFB742372B}
	EndGlobalSection
EndGlobal
